
Microsoft Visual Studio Solution File, Format Version 12.00
# Visual Studio Version 16
VisualStudioVersion = 16.0.31624.102
MinimumVisualStudioVersion = 10.0.40219.1
Project("{FAE04EC0-301F-11D3-BF4B-00C04F79EFBC}") = "SeekCamera", "SeekCamera\SeekCamera.csproj", "{206F8649-29F6-48DA-9404-49D9276C0040}"
EndProject
Project("{FAE04EC0-301F-11D3-BF4B-00C04F79EFBC}") = "SeekCameraConsole", "SeekCameraConsole\SeekCameraConsole.csproj", "{4FC9554C-13E3-470F-858F-DB7814C84E5A}"
EndProject
Global
	GlobalSection(SolutionConfigurationPlatforms) = preSolution
		Debug|Any CPU = Debug|Any CPU
		Release|Any CPU = Release|Any CPU
	EndGlobalSection
	GlobalSection(ProjectConfigurationPlatforms) = postSolution
		{206F8649-29F6-48DA-9404-49D9276C0040}.Debug|Any CPU.ActiveCfg = Debug|Any CPU
		{206F8649-29F6-48DA-9404-49D9276C0040}.Debug|Any CPU.Build.0 = Debug|Any CPU
		{206F8649-29F6-48DA-9404-49D9276C0040}.Release|Any CPU.ActiveCfg = Release|Any CPU
		{206F8649-29F6-48DA-9404-49D9276C0040}.Release|Any CPU.Build.0 = Release|Any CPU
		{4FC9554C-13E3-470F-858F-DB7814C84E5A}.Debug|Any CPU.ActiveCfg = Debug|Any CPU
		{4FC9554C-13E3-470F-858F-DB7814C84E5A}.Debug|Any CPU.Build.0 = Debug|Any CPU
		{4FC9554C-13E3-470F-858F-DB7814C84E5A}.Release|Any CPU.ActiveCfg = Release|Any CPU
		{4FC9554C-13E3-470F-858F-DB7814C84E5A}.Release|Any CPU.Build.0 = Release|Any CPU
	EndGlobalSection
	GlobalSection(SolutionProperties) = preSolution
		HideSolutionNode = FALSE
	EndGlobalSection
	GlobalSection(ExtensibilityGlobals) = postSolution
		SolutionGuid = {2F4978D0-F609-42A0-AA43-DF5CB84658D6}
	EndGlobalSection
EndGlobal
